dependencies:
- name: postgresql
  repository: https://charts.bitnami.com/bitnami
  version: 18.1.10
- name: redis
  repository: https://charts.bitnami.com/bitnami
  version: 23.2.12
digest: sha256:c1a44534693a9c9185414e018aa8cee3ed40660353cc3a389237b65c3769d13d
generated: "2025-11-18T02:26:20.332314+03:00"
